
Microsoft Visual Studio Solution File, Format Version 12.00
# Visual Studio Version 17
VisualStudioVersion = 17.12.35527.113
MinimumVisualStudioVersion = 10.0.40219.1
Project("{8BC9CEB8-8B4A-11D0-8D11-00A0C91BC942}") = "UdemyUmar", "UdemyUmar\UdemyUmar.vcxproj", "{531EF393-F2BE-4DEF-B5E8-7115DCAE7B47}"
EndProject
Project("{8BC9CEB8-8B4A-11D0-8D11-00A0C91BC942}") = "Assignment1", "Assignment1\Assignment1.vcxproj", "{DDC909C8-3023-4A63-A729-51FB5F93BCF3}"
EndProject
Project("{8BC9CEB8-8B4A-11D0-8D11-00A0C91BC942}") = "Assignment2", "Assignment2\Assignment2.vcxproj", "{B861D1A7-0C81-4671-8DE8-098977B7480C}"
EndProject
Project("{8BC9CEB8-8B4A-11D0-8D11-00A0C91BC942}") = "Assignment3", "Assignment3\Assignment3.vcxproj", "{DD1CF7CB-5E47-4830-84C1-99C53DD53676}"
EndProject
Project("{8BC9CEB8-8B4A-11D0-8D11-00A0C91BC942}") = "CarAbstraction", "CarAbstraction\CarAbstraction.vcxproj", "{7BDF3F1F-4E3A-4A67-AE78-EF9276FB3949}"
EndProject
Project("{8BC9CEB8-8B4A-11D0-8D11-00A0C91BC942}") = "CopyConstructor", "CopyConstructor\CopyConstructor.vcxproj", "{7CAA9A5A-9AB9-4BE7-8125-E11794A64821}"
EndProject
Project("{8BC9CEB8-8B4A-11D0-8D11-00A0C91BC942}") = "DebuggingBasics", "DebuggingBasics\DebuggingBasics.vcxproj", "{99D521D8-4394-4920-AD41-67B36EA245A8}"
EndProject
Project("{8BC9CEB8-8B4A-11D0-8D11-00A0C91BC942}") = "DefaultFunctionArguments", "DefaultFunctionArguments\DefaultFunctionArguments.vcxproj", "{5C5B47FE-F5B3-4071-B30B-6893738B3CC7}"
EndProject
Project("{8BC9CEB8-8B4A-11D0-8D11-00A0C91BC942}") = "DynamicMemoryAllocation", "DynamicMemoryAllocation\DynamicMemoryAllocation.vcxproj", "{F66C3ACC-B1DE-4A37-8C45-38679B03195F}"
EndProject
Project("{8BC9CEB8-8B4A-11D0-8D11-00A0C91BC942}") = "First Project", "First Project\First Project.vcxproj", "{66551D94-1FA2-4244-AF74-1D459E8462D0}"
EndProject
Project("{8BC9CEB8-8B4A-11D0-8D11-00A0C91BC942}") = "FunctionOverloading", "FunctionOverloading\FunctionOverloading.vcxproj", "{B24F25C4-E194-460E-B934-6265E82ED76D}"
EndProject
Project("{8BC9CEB8-8B4A-11D0-8D11-00A0C91BC942}") = "FunctionPointer", "FunctionPointer\FunctionPointer.vcxproj", "{0D56FC20-2115-484B-8559-55E6539574E2}"
EndProject
Project("{8BC9CEB8-8B4A-11D0-8D11-00A0C91BC942}") = "Functions", "Functions\Functions.vcxproj", "{6A69F84F-3E30-442D-8DD1-11FB411B2B81}"
EndProject
Project("{8BC9CEB8-8B4A-11D0-8D11-00A0C91BC942}") = "l-values-AND-r-values", "l-values-AND-r-values\l-values-AND-r-values.vcxproj", "{6CE6D787-FCD3-4F43-B38A-57463C88011C}"
EndProject
Global
	GlobalSection(SolutionConfigurationPlatforms) = preSolution
		Debug|x64 = Debug|x64
		Debug|x86 = Debug|x86
		Release|x64 = Release|x64
		Release|x86 = Release|x86
	EndGlobalSection
	GlobalSection(ProjectConfigurationPlatforms) = postSolution
		{531EF393-F2BE-4DEF-B5E8-7115DCAE7B47}.Debug|x64.ActiveCfg = Debug|x64
		{531EF393-F2BE-4DEF-B5E8-7115DCAE7B47}.Debug|x64.Build.0 = Debug|x64
		{531EF393-F2BE-4DEF-B5E8-7115DCAE7B47}.Debug|x86.ActiveCfg = Debug|Win32
		{531EF393-F2BE-4DEF-B5E8-7115DCAE7B47}.Debug|x86.Build.0 = Debug|Win32
		{531EF393-F2BE-4DEF-B5E8-7115DCAE7B47}.Release|x64.ActiveCfg = Release|x64
		{531EF393-F2BE-4DEF-B5E8-7115DCAE7B47}.Release|x64.Build.0 = Release|x64
		{531EF393-F2BE-4DEF-B5E8-7115DCAE7B47}.Release|x86.ActiveCfg = Release|Win32
		{531EF393-F2BE-4DEF-B5E8-7115DCAE7B47}.Release|x86.Build.0 = Release|Win32
		{DDC909C8-3023-4A63-A729-51FB5F93BCF3}.Debug|x64.ActiveCfg = Debug|x64
		{DDC909C8-3023-4A63-A729-51FB5F93BCF3}.Debug|x64.Build.0 = Debug|x64
		{DDC909C8-3023-4A63-A729-51FB5F93BCF3}.Debug|x86.ActiveCfg = Debug|Win32
		{DDC909C8-3023-4A63-A729-51FB5F93BCF3}.Debug|x86.Build.0 = Debug|Win32
		{DDC909C8-3023-4A63-A729-51FB5F93BCF3}.Release|x64.ActiveCfg = Release|x64
		{DDC909C8-3023-4A63-A729-51FB5F93BCF3}.Release|x64.Build.0 = Release|x64
		{DDC909C8-3023-4A63-A729-51FB5F93BCF3}.Release|x86.ActiveCfg = Release|Win32
		{DDC909C8-3023-4A63-A729-51FB5F93BCF3}.Release|x86.Build.0 = Release|Win32
		{B861D1A7-0C81-4671-8DE8-098977B7480C}.Debug|x64.ActiveCfg = Debug|x64
		{B861D1A7-0C81-4671-8DE8-098977B7480C}.Debug|x64.Build.0 = Debug|x64
		{B861D1A7-0C81-4671-8DE8-098977B7480C}.Debug|x86.ActiveCfg = Debug|Win32
		{B861D1A7-0C81-4671-8DE8-098977B7480C}.Debug|x86.Build.0 = Debug|Win32
		{B861D1A7-0C81-4671-8DE8-098977B7480C}.Release|x64.ActiveCfg = Release|x64
		{B861D1A7-0C81-4671-8DE8-098977B7480C}.Release|x64.Build.0 = Release|x64
		{B861D1A7-0C81-4671-8DE8-098977B7480C}.Release|x86.ActiveCfg = Release|Win32
		{B861D1A7-0C81-4671-8DE8-098977B7480C}.Release|x86.Build.0 = Release|Win32
		{DD1CF7CB-5E47-4830-84C1-99C53DD53676}.Debug|x64.ActiveCfg = Debug|x64
		{DD1CF7CB-5E47-4830-84C1-99C53DD53676}.Debug|x64.Build.0 = Debug|x64
		{DD1CF7CB-5E47-4830-84C1-99C53DD53676}.Debug|x86.ActiveCfg = Debug|Win32
		{DD1CF7CB-5E47-4830-84C1-99C53DD53676}.Debug|x86.Build.0 = Debug|Win32
		{DD1CF7CB-5E47-4830-84C1-99C53DD53676}.Release|x64.ActiveCfg = Release|x64
		{DD1CF7CB-5E47-4830-84C1-99C53DD53676}.Release|x64.Build.0 = Release|x64
		{DD1CF7CB-5E47-4830-84C1-99C53DD53676}.Release|x86.ActiveCfg = Release|Win32
		{DD1CF7CB-5E47-4830-84C1-99C53DD53676}.Release|x86.Build.0 = Release|Win32
		{7BDF3F1F-4E3A-4A67-AE78-EF9276FB3949}.Debug|x64.ActiveCfg = Debug|x64
		{7BDF3F1F-4E3A-4A67-AE78-EF9276FB3949}.Debug|x64.Build.0 = Debug|x64
		{7BDF3F1F-4E3A-4A67-AE78-EF9276FB3949}.Debug|x86.ActiveCfg = Debug|Win32
		{7BDF3F1F-4E3A-4A67-AE78-EF9276FB3949}.Debug|x86.Build.0 = Debug|Win32
		{7BDF3F1F-4E3A-4A67-AE78-EF9276FB3949}.Release|x64.ActiveCfg = Release|x64
		{7BDF3F1F-4E3A-4A67-AE78-EF9276FB3949}.Release|x64.Build.0 = Release|x64
		{7BDF3F1F-4E3A-4A67-AE78-EF9276FB3949}.Release|x86.ActiveCfg = Release|Win32
		{7BDF3F1F-4E3A-4A67-AE78-EF9276FB3949}.Release|x86.Build.0 = Release|Win32
		{7CAA9A5A-9AB9-4BE7-8125-E11794A64821}.Debug|x64.ActiveCfg = Debug|x64
		{7CAA9A5A-9AB9-4BE7-8125-E11794A64821}.Debug|x64.Build.0 = Debug|x64
		{7CAA9A5A-9AB9-4BE7-8125-E11794A64821}.Debug|x86.ActiveCfg = Debug|Win32
		{7CAA9A5A-9AB9-4BE7-8125-E11794A64821}.Debug|x86.Build.0 = Debug|Win32
		{7CAA9A5A-9AB9-4BE7-8125-E11794A64821}.Release|x64.ActiveCfg = Release|x64
		{7CAA9A5A-9AB9-4BE7-8125-E11794A64821}.Release|x64.Build.0 = Release|x64
		{7CAA9A5A-9AB9-4BE7-8125-E11794A64821}.Release|x86.ActiveCfg = Release|Win32
		{7CAA9A5A-9AB9-4BE7-8125-E11794A64821}.Release|x86.Build.0 = Release|Win32
		{99D521D8-4394-4920-AD41-67B36EA245A8}.Debug|x64.ActiveCfg = Debug|x64
		{99D521D8-4394-4920-AD41-67B36EA245A8}.Debug|x64.Build.0 = Debug|x64
		{99D521D8-4394-4920-AD41-67B36EA245A8}.Debug|x86.ActiveCfg = Debug|Win32
		{99D521D8-4394-4920-AD41-67B36EA245A8}.Debug|x86.Build.0 = Debug|Win32
		{99D521D8-4394-4920-AD41-67B36EA245A8}.Release|x64.ActiveCfg = Release|x64
		{99D521D8-4394-4920-AD41-67B36EA245A8}.Release|x64.Build.0 = Release|x64
		{99D521D8-4394-4920-AD41-67B36EA245A8}.Release|x86.ActiveCfg = Release|Win32
		{99D521D8-4394-4920-AD41-67B36EA245A8}.Release|x86.Build.0 = Release|Win32
		{5C5B47FE-F5B3-4071-B30B-6893738B3CC7}.Debug|x64.ActiveCfg = Debug|x64
		{5C5B47FE-F5B3-4071-B30B-6893738B3CC7}.Debug|x64.Build.0 = Debug|x64
		{5C5B47FE-F5B3-4071-B30B-6893738B3CC7}.Debug|x86.ActiveCfg = Debug|Win32
		{5C5B47FE-F5B3-4071-B30B-6893738B3CC7}.Debug|x86.Build.0 = Debug|Win32
		{5C5B47FE-F5B3-4071-B30B-6893738B3CC7}.Release|x64.ActiveCfg = Release|x64
		{5C5B47FE-F5B3-4071-B30B-6893738B3CC7}.Release|x64.Build.0 = Release|x64
		{5C5B47FE-F5B3-4071-B30B-6893738B3CC7}.Release|x86.ActiveCfg = Release|Win32
		{5C5B47FE-F5B3-4071-B30B-6893738B3CC7}.Release|x86.Build.0 = Release|Win32
		{F66C3ACC-B1DE-4A37-8C45-38679B03195F}.Debug|x64.ActiveCfg = Debug|x64
		{F66C3ACC-B1DE-4A37-8C45-38679B03195F}.Debug|x64.Build.0 = Debug|x64
		{F66C3ACC-B1DE-4A37-8C45-38679B03195F}.Debug|x86.ActiveCfg = Debug|Win32
		{F66C3ACC-B1DE-4A37-8C45-38679B03195F}.Debug|x86.Build.0 = Debug|Win32
		{F66C3ACC-B1DE-4A37-8C45-38679B03195F}.Release|x64.ActiveCfg = Release|x64
		{F66C3ACC-B1DE-4A37-8C45-38679B03195F}.Release|x64.Build.0 = Release|x64
		{F66C3ACC-B1DE-4A37-8C45-38679B03195F}.Release|x86.ActiveCfg = Release|Win32
		{F66C3ACC-B1DE-4A37-8C45-38679B03195F}.Release|x86.Build.0 = Release|Win32
		{66551D94-1FA2-4244-AF74-1D459E8462D0}.Debug|x64.ActiveCfg = Debug|x64
		{66551D94-1FA2-4244-AF74-1D459E8462D0}.Debug|x64.Build.0 = Debug|x64
		{66551D94-1FA2-4244-AF74-1D459E8462D0}.Debug|x86.ActiveCfg = Debug|Win32
		{66551D94-1FA2-4244-AF74-1D459E8462D0}.Debug|x86.Build.0 = Debug|Win32
		{66551D94-1FA2-4244-AF74-1D459E8462D0}.Release|x64.ActiveCfg = Release|x64
		{66551D94-1FA2-4244-AF74-1D459E8462D0}.Release|x64.Build.0 = Release|x64
		{66551D94-1FA2-4244-AF74-1D459E8462D0}.Release|x86.ActiveCfg = Release|Win32
		{66551D94-1FA2-4244-AF74-1D459E8462D0}.Release|x86.Build.0 = Release|Win32
		{B24F25C4-E194-460E-B934-6265E82ED76D}.Debug|x64.ActiveCfg = Debug|x64
		{B24F25C4-E194-460E-B934-6265E82ED76D}.Debug|x64.Build.0 = Debug|x64
		{B24F25C4-E194-460E-B934-6265E82ED76D}.Debug|x86.ActiveCfg = Debug|Win32
		{B24F25C4-E194-460E-B934-6265E82ED76D}.Debug|x86.Build.0 = Debug|Win32
		{B24F25C4-E194-460E-B934-6265E82ED76D}.Release|x64.ActiveCfg = Release|x64
		{B24F25C4-E194-460E-B934-6265E82ED76D}.Release|x64.Build.0 = Release|x64
		{B24F25C4-E194-460E-B934-6265E82ED76D}.Release|x86.ActiveCfg = Release|Win32
		{B24F25C4-E194-460E-B934-6265E82ED76D}.Release|x86.Build.0 = Release|Win32
		{0D56FC20-2115-484B-8559-55E6539574E2}.Debug|x64.ActiveCfg = Debug|x64
		{0D56FC20-2115-484B-8559-55E6539574E2}.Debug|x64.Build.0 = Debug|x64
		{0D56FC20-2115-484B-8559-55E6539574E2}.Debug|x86.ActiveCfg = Debug|Win32
		{0D56FC20-2115-484B-8559-55E6539574E2}.Debug|x86.Build.0 = Debug|Win32
		{0D56FC20-2115-484B-8559-55E6539574E2}.Release|x64.ActiveCfg = Release|x64
		{0D56FC20-2115-484B-8559-55E6539574E2}.Release|x64.Build.0 = Release|x64
		{0D56FC20-2115-484B-8559-55E6539574E2}.Release|x86.ActiveCfg = Release|Win32
		{0D56FC20-2115-484B-8559-55E6539574E2}.Release|x86.Build.0 = Release|Win32
		{6A69F84F-3E30-442D-8DD1-11FB411B2B81}.Debug|x64.ActiveCfg = Debug|x64
		{6A69F84F-3E30-442D-8DD1-11FB411B2B81}.Debug|x64.Build.0 = Debug|x64
		{6A69F84F-3E30-442D-8DD1-11FB411B2B81}.Debug|x86.ActiveCfg = Debug|Win32
		{6A69F84F-3E30-442D-8DD1-11FB411B2B81}.Debug|x86.Build.0 = Debug|Win32
		{6A69F84F-3E30-442D-8DD1-11FB411B2B81}.Release|x64.ActiveCfg = Release|x64
		{6A69F84F-3E30-442D-8DD1-11FB411B2B81}.Release|x64.Build.0 = Release|x64
		{6A69F84F-3E30-442D-8DD1-11FB411B2B81}.Release|x86.ActiveCfg = Release|Win32
		{6A69F84F-3E30-442D-8DD1-11FB411B2B81}.Release|x86.Build.0 = Release|Win32
		{6CE6D787-FCD3-4F43-B38A-57463C88011C}.Debug|x64.ActiveCfg = Debug|x64
		{6CE6D787-FCD3-4F43-B38A-57463C88011C}.Debug|x64.Build.0 = Debug|x64
		{6CE6D787-FCD3-4F43-B38A-57463C88011C}.Debug|x86.ActiveCfg = Debug|Win32
		{6CE6D787-FCD3-4F43-B38A-57463C88011C}.Debug|x86.Build.0 = Debug|Win32
		{6CE6D787-FCD3-4F43-B38A-57463C88011C}.Release|x64.ActiveCfg = Release|x64
		{6CE6D787-FCD3-4F43-B38A-57463C88011C}.Release|x64.Build.0 = Release|x64
		{6CE6D787-FCD3-4F43-B38A-57463C88011C}.Release|x86.ActiveCfg = Release|Win32
		{6CE6D787-FCD3-4F43-B38A-57463C88011C}.Release|x86.Build.0 = Release|Win32
	EndGlobalSection
	GlobalSection(SolutionProperties) = preSolution
		HideSolutionNode = FALSE
	EndGlobalSection
EndGlobal
